
Microsoft Visual Studio Solution File, Format Version 11.00
# Visual Studio 2010
Project("{FAE04EC0-301F-11D3-BF4B-00C04F79EFBC}") = "Cub-E", "Assembly-CSharp.csproj", "{47043D6F-2539-9A6F-7580-4F56F5495B0E}"
EndProject
Global
	GlobalSection(SolutionConfigurationPlatforms) = preSolution
		Debug|Any CPU = Debug|Any CPU
		Release|Any CPU = Release|Any CPU
	EndGlobalSection
	GlobalSection(ProjectConfigurationPlatforms) = postSolution
		{47043D6F-2539-9A6F-7580-4F56F5495B0E}.Debug|Any CPU.ActiveCfg = Debug|Any CPU
		{47043D6F-2539-9A6F-7580-4F56F5495B0E}.Debug|Any CPU.Build.0 = Debug|Any CPU
		{47043D6F-2539-9A6F-7580-4F56F5495B0E}.Release|Any CPU.ActiveCfg = Release|Any CPU
		{47043D6F-2539-9A6F-7580-4F56F5495B0E}.Release|Any CPU.Build.0 = Release|Any CPU
	EndGlobalSection
	GlobalSection(SolutionProperties) = preSolution
		HideSolutionNode = FALSE
	EndGlobalSection
	GlobalSection(MonoDevelopProperties) = preSolution
		StartupItem = Assembly-CSharp.csproj
	EndGlobalSection
EndGlobal
